
Microsoft Visual Studio Solution File, Format Version 12.00
# Visual Studio 15
VisualStudioVersion = 15.0.27004.2005
MinimumVisualStudioVersion = 10.0.40219.1
Project("{FAE04EC0-301F-11D3-BF4B-00C04F79EFBC}") = "FoursquareYakinKahve", "FoursquareYakinKahve\FoursquareYakinKahve.csproj", "{3799EE55-F35E-4BB0-97CE-C476114B48E3}"
EndProject
Global
	GlobalSection(SolutionConfigurationPlatforms) = preSolution
		Debug|Any CPU = Debug|Any CPU
		Release|Any CPU = Release|Any CPU
	EndGlobalSection
	GlobalSection(ProjectConfigurationPlatforms) = postSolution
		{3799EE55-F35E-4BB0-97CE-C476114B48E3}.Debug|Any CPU.ActiveCfg = Debug|Any CPU
		{3799EE55-F35E-4BB0-97CE-C476114B48E3}.Debug|Any CPU.Build.0 = Debug|Any CPU
		{3799EE55-F35E-4BB0-97CE-C476114B48E3}.Release|Any CPU.ActiveCfg = Release|Any CPU
		{3799EE55-F35E-4BB0-97CE-C476114B48E3}.Release|Any CPU.Build.0 = Release|Any CPU
	EndGlobalSection
	GlobalSection(SolutionProperties) = preSolution
		HideSolutionNode = FALSE
	EndGlobalSection
	GlobalSection(ExtensibilityGlobals) = postSolution
		SolutionGuid = {FB4CE2CE-6EE4-4D7B-AEC3-FA4C640CFC5B}
	EndGlobalSection
EndGlobal
